
Microsoft Visual Studio Solution File, Format Version 12.00
# Visual Studio Version 17
VisualStudioVersion = 17.0.31903.59
MinimumVisualStudioVersion = 10.0.40219.1
Project("{FAE04EC0-301F-11D3-BF4B-00C04F79EFBC}") = "music", "music\music.csproj", "{593B32E9-35DC-4480-B3EE-35E7FCBCD5F5}"
EndProject
Global
	GlobalSection(SolutionConfigurationPlatforms) = preSolution
		Debug|Any CPU = Debug|Any CPU
		Release|Any CPU = Release|Any CPU
	EndGlobalSection
	GlobalSection(ProjectConfigurationPlatforms) = postSolution
		{593B32E9-35DC-4480-B3EE-35E7FCBCD5F5}.Debug|Any CPU.ActiveCfg = Debug|Any CPU
		{593B32E9-35DC-4480-B3EE-35E7FCBCD5F5}.Debug|Any CPU.Build.0 = Debug|Any CPU
		{593B32E9-35DC-4480-B3EE-35E7FCBCD5F5}.Release|Any CPU.ActiveCfg = Release|Any CPU
		{593B32E9-35DC-4480-B3EE-35E7FCBCD5F5}.Release|Any CPU.Build.0 = Release|Any CPU
	EndGlobalSection
	GlobalSection(SolutionProperties) = preSolution
		HideSolutionNode = FALSE
	EndGlobalSection
	GlobalSection(ExtensibilityGlobals) = postSolution
		SolutionGuid = {6B45C153-D83C-43F7-8958-131F69B4F46D}
	EndGlobalSection
EndGlobal
